lockfileVersion: '9.0'

settings:
  autoInstallPeers: true
  excludeLinksFromLockfile: false

importers:

  .:
    devDependencies:
      '@types/node':
        specifier: 22.19.1
        version: 22.19.1
      typescript:
        specifier: 5.9.3
        version: 5.9.3

  packages/contracts: {}

  packages/core:
    dependencies:
      jey-contracts:
        specifier: workspace:*
        version: link:../contracts
    devDependencies:
      fast-check:
        specifier: 4.2.0
        version: 4.2.0

packages:

  '@types/node@22.19.1':
    resolution: {integrity: sha512-LCCV0HdSZZZb34qifBsyWlUmok6W7ouER+oQIGBScS8EsZsQbrtFTUrDX4hOl+CS6p7cnNC4td+qrSVGSCTUfQ==}

  fast-check@4.2.0:
    resolution: {integrity: sha512-buxrKEaSseOwFjt6K1REcGMeFOrb0wk3cXifeMAG8yahcE9kV20PjQn1OdzPGL6OBFTbYXfjleNBARf/aCfV1A==}
    engines: {node: '>=12.17.0'}

  pure-rand@7.0.1:
    resolution: {integrity: sha512-oTUZM/NAZS8p7ANR3SHh30kXB+zK2r2BPcEn/awJIbOvq82WoMN4p62AWWp3Hhw50G0xMsw1mhIBLqHw64EcNQ==}

  typescript@5.9.3:
    resolution: {integrity: sha512-jl1vZzPDinLr9eUt3J/t7V6FgNEw9QjvBPdysz9KfQDD41fQrC2Y4vKQdiaUpFT4bXlb1RHhLpp8wtm6M5TgSw==}
    engines: {node: '>=14.17'}
    hasBin: true

  undici-types@6.21.0:
    resolution: {integrity: sha512-iwDZqg0QAGrg9Rav5H4n0M64c3mkR59cJ6wQp+7C4nI0gsmExaedaYLNO44eT4AtBBwjbTiGPMlt2Md0T9H9JQ==}

snapshots:

  '@types/node@22.19.1':
    dependencies:
      undici-types: 6.21.0

  fast-check@4.2.0:
    dependencies:
      pure-rand: 7.0.1

  pure-rand@7.0.1: {}

  typescript@5.9.3: {}

  undici-types@6.21.0: {}
