lockfileVersion: '9.0'

settings:
  autoInstallPeers: true
  excludeLinksFromLockfile: false

importers:

  .:
    devDependencies:
      '@types/node':
        specifier: 22.19.1
        version: 22.19.1
      typescript:
        specifier: 5.9.3
        version: 5.9.3

  packages/adapter-dsh:
    dependencies:
      '@deepseek-ai/cordis':
        specifier: 4.0.3
        version: 4.0.3
      '@deepseek-ai/dsh-agent':
        specifier: 0.1.7-alpha.1
        version: 0.1.7-alpha.1(tgwwl3attscbdqnm6uphsboa7i)
      '@deepseek-ai/dsh-agent-loop':
        specifier: 0.1.7-alpha.1
        version: 0.1.7-alpha.1(u7nc37zf4e5cx5vtgeqgd52th4)
      '@deepseek-ai/dsh-agent-loop-testkit':
        specifier: 0.1.7-alpha.1
        version: 0.1.7-alpha.1(h2jgtaxlms47cevup6a4wpbhfq)
      '@deepseek-ai/dsh-invariants':
        specifier: 0.1.7-alpha.1
        version: 0.1.7-alpha.1(@deepseek-ai/cordis@4.0.3)
      '@deepseek-ai/dsh-llm':
        specifier: 0.1.7-alpha.1
        version: 0.1.7-alpha.1(@deepseek-ai/cordis@4.0.3)
      '@deepseek-ai/dsh-scope':
        specifier: 0.1.7-alpha.1
        version: 0.1.7-alpha.1(@deepseek-ai/cordis@4.0.3)(@deepseek-ai/dsh-invariants@0.1.7-alpha.1(@deepseek-ai/cordis@4.0.3))
      '@deepseek-ai/dsh-session':
        specifier: 0.1.7-alpha.1
        version: 0.1.7-alpha.1(@deepseek-ai/cordis@4.0.3)(@deepseek-ai/dsh-scope@0.1.7-alpha.1(@deepseek-ai/cordis@4.0.3)(@deepseek-ai/dsh-invariants@0.1.7-alpha.1(@deepseek-ai/cordis@4.0.3)))
      '@deepseek-ai/dsh-session-persistence':
        specifier: 0.1.7-alpha.1
        version: 0.1.7-alpha.1(@deepseek-ai/cordis@4.0.3)(@deepseek-ai/dsh-brand@0.1.7-alpha.2(@deepseek-ai/cordis@4.0.3))(@deepseek-ai/dsh-session@0.1.7-alpha.1(@deepseek-ai/cordis@4.0.3)(@deepseek-ai/dsh-scope@0.1.7-alpha.1(@deepseek-ai/cordis@4.0.3)(@deepseek-ai/dsh-invariants@0.1.7-alpha.1(@deepseek-ai/cordis@4.0.3))))(@deepseek-ai/dsh-timeout@0.1.7-alpha.2(@deepseek-ai/cordis@4.0.3))
      '@deepseek-ai/dsh-session-projection':
        specifier: 0.1.7-alpha.1
        version: 0.1.7-alpha.1(@deepseek-ai/cordis@4.0.3)(@deepseek-ai/dsh-session@0.1.7-alpha.1(@deepseek-ai/cordis@4.0.3)(@deepseek-ai/dsh-scope@0.1.7-alpha.1(@deepseek-ai/cordis@4.0.3)(@deepseek-ai/dsh-invariants@0.1.7-alpha.1(@deepseek-ai/cordis@4.0.3))))
      '@deepseek-ai/dsh-system-prompt':
        specifier: 0.1.7-alpha.1
        version: 0.1.7-alpha.1(@deepseek-ai/cordis@4.0.3)(@deepseek-ai/dsh-invariants@0.1.7-alpha.1(@deepseek-ai/cordis@4.0.3))(@deepseek-ai/dsh-llm@0.1.7-alpha.1(@deepseek-ai/cordis@4.0.3))(@deepseek-ai/dsh-scope@0.1.7-alpha.1(@deepseek-ai/cordis@4.0.3)(@deepseek-ai/dsh-invariants@0.1.7-alpha.1(@deepseek-ai/cordis@4.0.3)))
      '@deepseek-ai/dsh-tools':
        specifier: 0.1.7-alpha.1
        version: 0.1.7-alpha.1(tj74wepug7umsurk77dterh7aq)
      jey-contracts:
        specifier: workspace:*
        version: link:../contracts
      jey-core:
        specifier: workspace:*
        version: link:../core
    devDependencies:
      '@types/node':
        specifier: 22.19.1
        version: 22.19.1
      typescript:
        specifier: 5.9.3
        version: 5.9.3

  packages/contracts: {}

  packages/core:
    dependencies:
      ajv:
        specifier: 8.17.1
        version: 8.17.1
      jey-contracts:
        specifier: workspace:*
        version: link:../contracts
    devDependencies:
      fast-check:
        specifier: 4.2.0
        version: 4.2.0

packages:

  '@deepseek-ai/cordis@4.0.3':
    resolution: {integrity: sha512-ka+8UVh1JDTqkrEcgkfGwquM3lsBmLDsJMNAQUgumY65tI7IIrLFSERcNfde5kF1rtSSktOJmsC9WmJLt4rd8A==}
    hasBin: true
    peerDependencies:
      '@deepseek-ai/cordis-plugin-include': ^1.0.8
      '@deepseek-ai/cordis-plugin-loader': ^1.0.4
    peerDependenciesMeta:
      '@deepseek-ai/cordis-plugin-include':
        optional: true
      '@deepseek-ai/cordis-plugin-loader':
        optional: true

  '@deepseek-ai/cosmokit@1.8.5':
    resolution: {integrity: sha512-LXsrlem9z8dq4sLflj2yuCuYX7KqhdzF5hZly3eZyuTo8d6oDSOXuEgC5DbQWKW+lksm6zmOutQLsP/ma6wR6A==}

  '@deepseek-ai/dsh-agent-loop-testkit@0.1.7-alpha.1':
    resolution: {integrity: sha512-U6FA3gtMMadqIhg/Zakp/zFVUcd0b/iZlrHFyDnADrj68YPorQHhKhceBwag4AFXbFMhBEJnugHumDbH76igIw==}
    peerDependencies:
      '@deepseek-ai/cordis': ^4.0.3
      '@deepseek-ai/dsh-agent': ^0.1.7-alpha.1
      '@deepseek-ai/dsh-agent-loop': ^0.1.7-alpha.1
      '@deepseek-ai/dsh-llm': ^0.1.7-alpha.1
      '@deepseek-ai/dsh-session': ^0.1.7-alpha.1
      '@deepseek-ai/dsh-session-projection': ^0.1.7-alpha.1
      '@deepseek-ai/dsh-system-prompt': ^0.1.7-alpha.1
      '@deepseek-ai/dsh-tools': ^0.1.7-alpha.1

  '@deepseek-ai/dsh-agent-loop@0.1.7-alpha.1':
    resolution: {integrity: sha512-rUFzY8KroMH0UXWcFje/9pBwWJVWLeJvH8UVTOFwcc7Dm4ZtQiS7k066kENXkKiOftTPBpJ1dBnZ6OK/dI0oKA==}
    peerDependencies:
      '@deepseek-ai/cordis': ^4.0.3
      '@deepseek-ai/dsh-agent': ^0.1.7-alpha.1
      '@deepseek-ai/dsh-invariants': ^0.1.7-alpha.1
      '@deepseek-ai/dsh-llm': ^0.1.7-alpha.1
      '@deepseek-ai/dsh-scope': ^0.1.7-alpha.1
      '@deepseek-ai/dsh-session': ^0.1.7-alpha.1
      '@deepseek-ai/dsh-session-persistence': ^0.1.7-alpha.1
      '@deepseek-ai/dsh-session-projection': ^0.1.7-alpha.1
      '@deepseek-ai/dsh-system-prompt': ^0.1.7-alpha.1
      '@deepseek-ai/dsh-tools': ^0.1.7-alpha.1

  '@deepseek-ai/dsh-agent@0.1.7-alpha.1':
    resolution: {integrity: sha512-F9OaULa9cHV5R0bf7DZakDXgb3EsOFGJy5Yl6dnuTNhPTrQOrR5255FaQj8CsogTlJuguzXo7ywuW8napJgi4Q==}
    peerDependencies:
      '@deepseek-ai/cordis': ^4.0.3
      '@deepseek-ai/dsh-invariants': ^0.1.7-alpha.1
      '@deepseek-ai/dsh-llm': ^0.1.7-alpha.1
      '@deepseek-ai/dsh-scope': ^0.1.7-alpha.1
      '@deepseek-ai/dsh-session': ^0.1.7-alpha.1
      '@deepseek-ai/dsh-session-projection': ^0.1.7-alpha.1
      '@deepseek-ai/dsh-system-prompt': ^0.1.7-alpha.1
      '@deepseek-ai/dsh-typert-protocol': ^0.1.7-alpha.1
      '@deepseek-ai/dsh-util-values': ^0.1.7-alpha.1
      '@deepseek-ai/dsh-workspace': ^0.1.7-alpha.1
    peerDependenciesMeta:
      '@deepseek-ai/dsh-workspace':
        optional: true

  '@deepseek-ai/dsh-brand@0.1.7-alpha.2':
    resolution: {integrity: sha512-0WLvVtzqj1c/lb4ZXCVn8wLETITswq4FOQlDW4F99844DsS/oEVpx15yZYSsTKCR24OMH2WQGNikSqRPEcpa1A==}
    peerDependencies:
      '@deepseek-ai/cordis': ~4.0.4

  '@deepseek-ai/dsh-invariants@0.1.7-alpha.1':
    resolution: {integrity: sha512-2mC1uyCYbm5dqrGws2BvnI8dwKeeLTulIfJbaXuqmCBghrhGjscU2Nfof/Z9TO6NfIfVZRFhVOI43cYmLKc6Fw==}
    peerDependencies:
      '@deepseek-ai/cordis': ^4.0.3

  '@deepseek-ai/dsh-llm@0.1.7-alpha.1':
    resolution: {integrity: sha512-DajyYU+BZqTEpfQCb21ymCqA7DBlbfcm9nguoFjY14nZ6GLdLh+ae4Nl42Nz189kVS2siu7TcDZKVy47Nub9Ag==}
    peerDependencies:
      '@deepseek-ai/cordis': ^4.0.3

  '@deepseek-ai/dsh-ptc-runtime@0.1.7-alpha.2':
    resolution: {integrity: sha512-/CKUgBrGZSI4gTEunwfyH1WA7AgDrXHAvk0O21t5OabCSsey0C0HEVjO6Ax+8pFPCWjR6gDS9TcQSr8aohuw4g==}
    peerDependencies:
      '@deepseek-ai/cordis': ~4.0.4
      '@deepseek-ai/dsh-sandbox': 0.1.7-alpha.2

  '@deepseek-ai/dsh-sandbox-policy@0.1.7-alpha.2':
    resolution: {integrity: sha512-nQ+SAyxNA3RJawURgdIJ2csJpV9o0DUNilnQXWZGW7ZlKKqkF5o9ZOJLW1oVVPNwYQeIGUC0d1PC6Dgs9d6hBw==}
    peerDependencies:
      '@deepseek-ai/cordis': ~4.0.4
      '@deepseek-ai/dsh-agent': 0.1.7-alpha.2
      '@deepseek-ai/dsh-invariants': 0.1.7-alpha.2
      '@deepseek-ai/dsh-sandbox': 0.1.7-alpha.2
      '@deepseek-ai/dsh-session': 0.1.7-alpha.2
      '@deepseek-ai/dsh-session-projection': 0.1.7-alpha.2
      '@deepseek-ai/dsh-system-prompt': 0.1.7-alpha.2

  '@deepseek-ai/dsh-sandbox@0.1.7-alpha.2':
    resolution: {integrity: sha512-XlehMVQ70joCcFROkfbRPk+6OAefihyCcG5KeEvVEyj49KgmiUtsANa4x9cohi2LwegeCneLhWDdFOCbWc+4TA==}
    peerDependencies:
      '@deepseek-ai/cordis': ~4.0.4
      '@deepseek-ai/dsh-llm': 0.1.7-alpha.2
      '@deepseek-ai/dsh-session': 0.1.7-alpha.2

  '@deepseek-ai/dsh-scope@0.1.7-alpha.1':
    resolution: {integrity: sha512-k5NRzlFKnAddKOSwOpS3H9KAR9iugn6qmfwqzo1PIHGjjpGJOl8ywSoRct20ZbIcUBIusnfr7r79prRWFu4i5Q==}
    peerDependencies:
      '@deepseek-ai/cordis': ^4.0.3
      '@deepseek-ai/dsh-invariants': ^0.1.7-alpha.1

  '@deepseek-ai/dsh-session-persistence@0.1.7-alpha.1':
    resolution: {integrity: sha512-2RNdEkSEB/YGj6LQpsxbZs5TD+hdvMBRLuvY370EZpeHkvVfjFtAkPrlUxjCb+cKXNHhCF7BIRQNd2voq0XoZw==}
    peerDependencies:
      '@deepseek-ai/cordis': ^4.0.3
      '@deepseek-ai/dsh-brand': ^0.1.7-alpha.1
      '@deepseek-ai/dsh-session': ^0.1.7-alpha.1
      '@deepseek-ai/dsh-timeout': ^0.1.7-alpha.1

  '@deepseek-ai/dsh-session-projection@0.1.7-alpha.1':
    resolution: {integrity: sha512-MObqgvR+sFojVNeDClo1lbpCwLGx6YSbjx9LPbLFfIwpScfAB++0931cmnopB6bJb8VTgykxeQ2vLWUJpU6DIg==}
    peerDependencies:
      '@deepseek-ai/cordis': ^4.0.3
      '@deepseek-ai/dsh-session': ^0.1.7-alpha.1

  '@deepseek-ai/dsh-session@0.1.7-alpha.1':
    resolution: {integrity: sha512-dUd/fUj8wign5ZuniGfr5VqMWZqFPwhc0IImapToE2NDZB/Hl0JVXtg/lS5aYoFfgxwEeIWEDjVO3UJBClQa9A==}
    peerDependencies:
      '@deepseek-ai/cordis': ^4.0.3
      '@deepseek-ai/dsh-scope': ^0.1.7-alpha.1

  '@deepseek-ai/dsh-system-prompt@0.1.7-alpha.1':
    resolution: {integrity: sha512-eDRfgbDtLV0pEgCKzElaHV6c9P+OJAwBPJK3n+RzrU9ibEtD4WyfxcrzvS9Kw3Q4wRsYULYDZNEWVw8ZGQeazw==}
    peerDependencies:
      '@deepseek-ai/cordis': ^4.0.3
      '@deepseek-ai/dsh-invariants': ^0.1.7-alpha.1
      '@deepseek-ai/dsh-llm': ^0.1.7-alpha.1
      '@deepseek-ai/dsh-scope': ^0.1.7-alpha.1

  '@deepseek-ai/dsh-timeout@0.1.7-alpha.2':
    resolution: {integrity: sha512-NB5PR6hwGVCns9uUpz5iou0dBcqzsj87h0b2ZpvyFRhDRP2VhItXhFDzQC/i0oN3ZvM6cjlY12rJ49NxS19kmg==}
    peerDependencies:
      '@deepseek-ai/cordis': ~4.0.4

  '@deepseek-ai/dsh-tools@0.1.7-alpha.1':
    resolution: {integrity: sha512-Ae/dRc4C9pqk1IOeRwLxlzsS1gogqLiG2meCVyzwbTTOptCBXPxGhdL2/vSvAOHqJx/czR4BkSoR6XevPUux3g==}
    peerDependencies:
      '@deepseek-ai/cordis': ^4.0.3
      '@deepseek-ai/dsh-agent': ^0.1.7-alpha.1
      '@deepseek-ai/dsh-invariants': ^0.1.7-alpha.1
      '@deepseek-ai/dsh-llm': ^0.1.7-alpha.1
      '@deepseek-ai/dsh-ptc-runtime': ^0.1.7-alpha.1
      '@deepseek-ai/dsh-sandbox': ^0.1.7-alpha.1
      '@deepseek-ai/dsh-sandbox-policy': ^0.1.7-alpha.1
      '@deepseek-ai/dsh-scope': ^0.1.7-alpha.1
      '@deepseek-ai/dsh-session': ^0.1.7-alpha.1
      '@deepseek-ai/dsh-system-prompt': ^0.1.7-alpha.1
      '@deepseek-ai/dsh-user-approval': ^0.1.7-alpha.1

  '@deepseek-ai/dsh-typert-protocol@0.1.7-alpha.2':
    resolution: {integrity: sha512-oaE3R5G+o2JFFxBo4koTP85TkIi2LiHhbCyglBIucPlhkTDbxfMhEyV2HfjcokSj7iFjQx+D3byMIOsQMF5RFw==}
    peerDependencies:
      '@deepseek-ai/cordis': ~4.0.4

  '@deepseek-ai/dsh-user-approval@0.1.7-alpha.2':
    resolution: {integrity: sha512-hat31SSYu6pw15j10lsG1tJD1cTN2i9FuYUthQkKevJ3oyM6g+7uHOlCZ6ioH8Bp2znaHuxIbjo/my985hjTuQ==}
    peerDependencies:
      '@deepseek-ai/cordis': ~4.0.4
      '@deepseek-ai/dsh-agent': 0.1.7-alpha.2
      '@deepseek-ai/dsh-brand': 0.1.7-alpha.2
      '@deepseek-ai/dsh-invariants': 0.1.7-alpha.2
      '@deepseek-ai/dsh-llm': 0.1.7-alpha.2
      '@deepseek-ai/dsh-scope': 0.1.7-alpha.2
      '@deepseek-ai/dsh-session': 0.1.7-alpha.2
      '@deepseek-ai/dsh-system-prompt': 0.1.7-alpha.2

  '@deepseek-ai/dsh-util-crypto@0.1.7-alpha.2':
    resolution: {integrity: sha512-vWku6bDu51rAqx0g12j9xh0S6FCSUYl6Lnb1seCVncz7jgCU6R8VA6b8WI8WQE0+wkrdRPbfhnKMF+9EsGTtUg==}
    peerDependencies:
      '@deepseek-ai/cordis': ~4.0.4

  '@deepseek-ai/dsh-util-values@0.1.7-alpha.2':
    resolution: {integrity: sha512-6nuFmklLPCLLvM6WV1hUOZkG2JLKaYktaSBFGIe//DkCwagyq2EiU4Yz8uUa6oWyhXmo0TQ9YcRuPAkWmn+m9Q==}
    peerDependencies:
      '@deepseek-ai/cordis': ~4.0.4

  '@deepseek-ai/schemastery@3.18.4':
    resolution: {integrity: sha512-SSXO6tYuyrIqKVbmOnIq0s+riUywYzouFMcnBluHF9n4KMo2G8HvEzhCYj6pj2617/glOjbJuVInJ9hfONsjkg==}

  '@standard-schema/spec@1.1.0':
    resolution: {integrity: sha512-l2aFy5jALhniG5HgqrD6jXLi/rUWrKvqN/qJx6yoJsgKhblVd+iqqU4RCXavm/jPityDo5TCvKMnpjKnOriy0w==}

  '@types/node@22.19.1':
    resolution: {integrity: sha512-LCCV0HdSZZZb34qifBsyWlUmok6W7ouER+oQIGBScS8EsZsQbrtFTUrDX4hOl+CS6p7cnNC4td+qrSVGSCTUfQ==}

  ajv@8.17.1:
    resolution: {integrity: sha512-B/gBuNg5SiMTrPkC+A2+cW0RszwxYmn6VYxB/inlBStS5nx6xHIt/ehKRhIMhqusl7a8LjQoZnjCs5vhwxOQ1g==}

  fast-check@4.2.0:
    resolution: {integrity: sha512-buxrKEaSseOwFjt6K1REcGMeFOrb0wk3cXifeMAG8yahcE9kV20PjQn1OdzPGL6OBFTbYXfjleNBARf/aCfV1A==}
    engines: {node: '>=12.17.0'}

  fast-deep-equal@3.1.3:
    resolution: {integrity: sha512-f3qQ9oQy9j2AhBe/H9VC91wLmKBCCU/gDOnKNAYG5hswO7BLKj09Hc5HYNz9cGI++xlpDCIgDaitVs03ATR84Q==}

  fast-uri@3.1.8:
    resolution: {integrity: sha512-GZMtZUTNRpOVIECoXwLNZS5xUGE+mVNbTB8h/7Rwh2TFWcBQiPzTgyZi05BF9UMZKkLJv8XBRJTlU7zg8+ZfMg==}

  json-schema-traverse@1.0.0:
    resolution: {integrity: sha512-NM8/P9n3XjXhIZn1lLhkFaACTOURQXjWhV4BA/RnOv8xvgqtqpAX9IO4mRQxSx1Rlo4tqzeqb0sOlruaOy3dug==}

  pure-rand@7.0.1:
    resolution: {integrity: sha512-oTUZM/NAZS8p7ANR3SHh30kXB+zK2r2BPcEn/awJIbOvq82WoMN4p62AWWp3Hhw50G0xMsw1mhIBLqHw64EcNQ==}

  require-from-string@2.0.2:
    resolution: {integrity: sha512-Xf0nWe6RseziFMu+Ap9biiUbmplq6S9/p+7w7YXP/JBHhrUDDUhwa+vANyubuqfZWTveU//DYVGsDG7RKL/vEw==}
    engines: {node: '>=0.10.0'}

  typescript@5.9.3:
    resolution: {integrity: sha512-jl1vZzPDinLr9eUt3J/t7V6FgNEw9QjvBPdysz9KfQDD41fQrC2Y4vKQdiaUpFT4bXlb1RHhLpp8wtm6M5TgSw==}
    engines: {node: '>=14.17'}
    hasBin: true

  undici-types@6.21.0:
    resolution: {integrity: sha512-iwDZqg0QAGrg9Rav5H4n0M64c3mkR59cJ6wQp+7C4nI0gsmExaedaYLNO44eT4AtBBwjbTiGPMlt2Md0T9H9JQ==}

  zod@4.6.5:
    resolution: {integrity: sha512-v5l/aFXZQeai4awLbOpSoHecE9UiMrnfx75tEXLjNonXVARxQ5mOeipTjROUchszUNCqnE+hqAMujRsRHsut2Q==}

snapshots:

  '@deepseek-ai/cordis@4.0.3':
    dependencies:
      '@deepseek-ai/cosmokit': 1.8.5
      '@standard-schema/spec': 1.1.0

  '@deepseek-ai/cosmokit@1.8.5': {}

  '@deepseek-ai/dsh-agent-loop-testkit@0.1.7-alpha.1(h2jgtaxlms47cevup6a4wpbhfq)':
    dependencies:
      '@deepseek-ai/cordis': 4.0.3
      '@deepseek-ai/dsh-agent': 0.1.7-alpha.1(tgwwl3attscbdqnm6uphsboa7i)
      '@deepseek-ai/dsh-agent-loop': 0.1.7-alpha.1(u7nc37zf4e5cx5vtgeqgd52th4)
      '@deepseek-ai/dsh-llm': 0.1.7-alpha.1(@deepseek-ai/cordis@4.0.3)
      '@deepseek-ai/dsh-session': 0.1.7-alpha.1(@deepseek-ai/cordis@4.0.3)(@deepseek-ai/dsh-scope@0.1.7-alpha.1(@deepseek-ai/cordis@4.0.3)(@deepseek-ai/dsh-invariants@0.1.7-alpha.1(@deepseek-ai/cordis@4.0.3)))
      '@deepseek-ai/dsh-session-projection': 0.1.7-alpha.1(@deepseek-ai/cordis@4.0.3)(@deepseek-ai/dsh-session@0.1.7-alpha.1(@deepseek-ai/cordis@4.0.3)(@deepseek-ai/dsh-scope@0.1.7-alpha.1(@deepseek-ai/cordis@4.0.3)(@deepseek-ai/dsh-invariants@0.1.7-alpha.1(@deepseek-ai/cordis@4.0.3))))
      '@deepseek-ai/dsh-system-prompt': 0.1.7-alpha.1(@deepseek-ai/cordis@4.0.3)(@deepseek-ai/dsh-invariants@0.1.7-alpha.1(@deepseek-ai/cordis@4.0.3))(@deepseek-ai/dsh-llm@0.1.7-alpha.1(@deepseek-ai/cordis@4.0.3))(@deepseek-ai/dsh-scope@0.1.7-alpha.1(@deepseek-ai/cordis@4.0.3)(@deepseek-ai/dsh-invariants@0.1.7-alpha.1(@deepseek-ai/cordis@4.0.3)))
      '@deepseek-ai/dsh-tools': 0.1.7-alpha.1(tj74wepug7umsurk77dterh7aq)

  '@deepseek-ai/dsh-agent-loop@0.1.7-alpha.1(u7nc37zf4e5cx5vtgeqgd52th4)':
    dependencies:
      '@deepseek-ai/cordis': 4.0.3
      '@deepseek-ai/dsh-agent': 0.1.7-alpha.1(tgwwl3attscbdqnm6uphsboa7i)
      '@deepseek-ai/dsh-brand': 0.1.7-alpha.2(@deepseek-ai/cordis@4.0.3)
      '@deepseek-ai/dsh-invariants': 0.1.7-alpha.1(@deepseek-ai/cordis@4.0.3)
      '@deepseek-ai/dsh-llm': 0.1.7-alpha.1(@deepseek-ai/cordis@4.0.3)
      '@deepseek-ai/dsh-scope': 0.1.7-alpha.1(@deepseek-ai/cordis@4.0.3)(@deepseek-ai/dsh-invariants@0.1.7-alpha.1(@deepseek-ai/cordis@4.0.3))
      '@deepseek-ai/dsh-session': 0.1.7-alpha.1(@deepseek-ai/cordis@4.0.3)(@deepseek-ai/dsh-scope@0.1.7-alpha.1(@deepseek-ai/cordis@4.0.3)(@deepseek-ai/dsh-invariants@0.1.7-alpha.1(@deepseek-ai/cordis@4.0.3)))
      '@deepseek-ai/dsh-session-persistence': 0.1.7-alpha.1(@deepseek-ai/cordis@4.0.3)(@deepseek-ai/dsh-brand@0.1.7-alpha.2(@deepseek-ai/cordis@4.0.3))(@deepseek-ai/dsh-session@0.1.7-alpha.1(@deepseek-ai/cordis@4.0.3)(@deepseek-ai/dsh-scope@0.1.7-alpha.1(@deepseek-ai/cordis@4.0.3)(@deepseek-ai/dsh-invariants@0.1.7-alpha.1(@deepseek-ai/cordis@4.0.3))))(@deepseek-ai/dsh-timeout@0.1.7-alpha.2(@deepseek-ai/cordis@4.0.3))
      '@deepseek-ai/dsh-session-projection': 0.1.7-alpha.1(@deepseek-ai/cordis@4.0.3)(@deepseek-ai/dsh-session@0.1.7-alpha.1(@deepseek-ai/cordis@4.0.3)(@deepseek-ai/dsh-scope@0.1.7-alpha.1(@deepseek-ai/cordis@4.0.3)(@deepseek-ai/dsh-invariants@0.1.7-alpha.1(@deepseek-ai/cordis@4.0.3))))
      '@deepseek-ai/dsh-system-prompt': 0.1.7-alpha.1(@deepseek-ai/cordis@4.0.3)(@deepseek-ai/dsh-invariants@0.1.7-alpha.1(@deepseek-ai/cordis@4.0.3))(@deepseek-ai/dsh-llm@0.1.7-alpha.1(@deepseek-ai/cordis@4.0.3))(@deepseek-ai/dsh-scope@0.1.7-alpha.1(@deepseek-ai/cordis@4.0.3)(@deepseek-ai/dsh-invariants@0.1.7-alpha.1(@deepseek-ai/cordis@4.0.3)))
      '@deepseek-ai/dsh-tools': 0.1.7-alpha.1(tj74wepug7umsurk77dterh7aq)
      '@deepseek-ai/dsh-util-values': 0.1.7-alpha.2(@deepseek-ai/cordis@4.0.3)
      '@deepseek-ai/schemastery': 3.18.4
      zod: 4.6.5

  '@deepseek-ai/dsh-agent@0.1.7-alpha.1(tgwwl3attscbdqnm6uphsboa7i)':
    dependencies:
      '@deepseek-ai/cordis': 4.0.3
      '@deepseek-ai/dsh-invariants': 0.1.7-alpha.1(@deepseek-ai/cordis@4.0.3)
      '@deepseek-ai/dsh-llm': 0.1.7-alpha.1(@deepseek-ai/cordis@4.0.3)
      '@deepseek-ai/dsh-scope': 0.1.7-alpha.1(@deepseek-ai/cordis@4.0.3)(@deepseek-ai/dsh-invariants@0.1.7-alpha.1(@deepseek-ai/cordis@4.0.3))
      '@deepseek-ai/dsh-session': 0.1.7-alpha.1(@deepseek-ai/cordis@4.0.3)(@deepseek-ai/dsh-scope@0.1.7-alpha.1(@deepseek-ai/cordis@4.0.3)(@deepseek-ai/dsh-invariants@0.1.7-alpha.1(@deepseek-ai/cordis@4.0.3)))
      '@deepseek-ai/dsh-session-projection': 0.1.7-alpha.1(@deepseek-ai/cordis@4.0.3)(@deepseek-ai/dsh-session@0.1.7-alpha.1(@deepseek-ai/cordis@4.0.3)(@deepseek-ai/dsh-scope@0.1.7-alpha.1(@deepseek-ai/cordis@4.0.3)(@deepseek-ai/dsh-invariants@0.1.7-alpha.1(@deepseek-ai/cordis@4.0.3))))
      '@deepseek-ai/dsh-system-prompt': 0.1.7-alpha.1(@deepseek-ai/cordis@4.0.3)(@deepseek-ai/dsh-invariants@0.1.7-alpha.1(@deepseek-ai/cordis@4.0.3))(@deepseek-ai/dsh-llm@0.1.7-alpha.1(@deepseek-ai/cordis@4.0.3))(@deepseek-ai/dsh-scope@0.1.7-alpha.1(@deepseek-ai/cordis@4.0.3)(@deepseek-ai/dsh-invariants@0.1.7-alpha.1(@deepseek-ai/cordis@4.0.3)))
      '@deepseek-ai/dsh-typert-protocol': 0.1.7-alpha.2(@deepseek-ai/cordis@4.0.3)
      '@deepseek-ai/dsh-util-values': 0.1.7-alpha.2(@deepseek-ai/cordis@4.0.3)

  '@deepseek-ai/dsh-brand@0.1.7-alpha.2(@deepseek-ai/cordis@4.0.3)':
    dependencies:
      '@deepseek-ai/cordis': 4.0.3

  '@deepseek-ai/dsh-invariants@0.1.7-alpha.1(@deepseek-ai/cordis@4.0.3)':
    dependencies:
      '@deepseek-ai/cordis': 4.0.3
      '@deepseek-ai/schemastery': 3.18.4

  '@deepseek-ai/dsh-llm@0.1.7-alpha.1(@deepseek-ai/cordis@4.0.3)':
    dependencies:
      '@deepseek-ai/cordis': 4.0.3
      '@deepseek-ai/dsh-brand': 0.1.7-alpha.2(@deepseek-ai/cordis@4.0.3)
      '@deepseek-ai/dsh-timeout': 0.1.7-alpha.2(@deepseek-ai/cordis@4.0.3)
      '@deepseek-ai/dsh-typert-protocol': 0.1.7-alpha.2(@deepseek-ai/cordis@4.0.3)
      '@deepseek-ai/dsh-util-crypto': 0.1.7-alpha.2(@deepseek-ai/cordis@4.0.3)
      '@deepseek-ai/dsh-util-values': 0.1.7-alpha.2(@deepseek-ai/cordis@4.0.3)
      '@deepseek-ai/schemastery': 3.18.4
      zod: 4.6.5

  '@deepseek-ai/dsh-ptc-runtime@0.1.7-alpha.2(@deepseek-ai/cordis@4.0.3)(@deepseek-ai/dsh-sandbox@0.1.7-alpha.2(@deepseek-ai/cordis@4.0.3)(@deepseek-ai/dsh-llm@0.1.7-alpha.1(@deepseek-ai/cordis@4.0.3))(@deepseek-ai/dsh-session@0.1.7-alpha.1(@deepseek-ai/cordis@4.0.3)(@deepseek-ai/dsh-scope@0.1.7-alpha.1(@deepseek-ai/cordis@4.0.3)(@deepseek-ai/dsh-invariants@0.1.7-alpha.1(@deepseek-ai/cordis@4.0.3)))))':
    dependencies:
      '@deepseek-ai/cordis': 4.0.3
      '@deepseek-ai/dsh-sandbox': 0.1.7-alpha.2(@deepseek-ai/cordis@4.0.3)(@deepseek-ai/dsh-llm@0.1.7-alpha.1(@deepseek-ai/cordis@4.0.3))(@deepseek-ai/dsh-session@0.1.7-alpha.1(@deepseek-ai/cordis@4.0.3)(@deepseek-ai/dsh-scope@0.1.7-alpha.1(@deepseek-ai/cordis@4.0.3)(@deepseek-ai/dsh-invariants@0.1.7-alpha.1(@deepseek-ai/cordis@4.0.3))))

  '@deepseek-ai/dsh-sandbox-policy@0.1.7-alpha.2(mgmcjeoramz7jrkjxsc5qkvevy)':
    dependencies:
      '@deepseek-ai/cordis': 4.0.3
      '@deepseek-ai/dsh-agent': 0.1.7-alpha.1(tgwwl3attscbdqnm6uphsboa7i)
      '@deepseek-ai/dsh-invariants': 0.1.7-alpha.1(@deepseek-ai/cordis@4.0.3)
      '@deepseek-ai/dsh-sandbox': 0.1.7-alpha.2(@deepseek-ai/cordis@4.0.3)(@deepseek-ai/dsh-llm@0.1.7-alpha.1(@deepseek-ai/cordis@4.0.3))(@deepseek-ai/dsh-session@0.1.7-alpha.1(@deepseek-ai/cordis@4.0.3)(@deepseek-ai/dsh-scope@0.1.7-alpha.1(@deepseek-ai/cordis@4.0.3)(@deepseek-ai/dsh-invariants@0.1.7-alpha.1(@deepseek-ai/cordis@4.0.3))))
      '@deepseek-ai/dsh-session': 0.1.7-alpha.1(@deepseek-ai/cordis@4.0.3)(@deepseek-ai/dsh-scope@0.1.7-alpha.1(@deepseek-ai/cordis@4.0.3)(@deepseek-ai/dsh-invariants@0.1.7-alpha.1(@deepseek-ai/cordis@4.0.3)))
      '@deepseek-ai/dsh-session-projection': 0.1.7-alpha.1(@deepseek-ai/cordis@4.0.3)(@deepseek-ai/dsh-session@0.1.7-alpha.1(@deepseek-ai/cordis@4.0.3)(@deepseek-ai/dsh-scope@0.1.7-alpha.1(@deepseek-ai/cordis@4.0.3)(@deepseek-ai/dsh-invariants@0.1.7-alpha.1(@deepseek-ai/cordis@4.0.3))))
      '@deepseek-ai/dsh-system-prompt': 0.1.7-alpha.1(@deepseek-ai/cordis@4.0.3)(@deepseek-ai/dsh-invariants@0.1.7-alpha.1(@deepseek-ai/cordis@4.0.3))(@deepseek-ai/dsh-llm@0.1.7-alpha.1(@deepseek-ai/cordis@4.0.3))(@deepseek-ai/dsh-scope@0.1.7-alpha.1(@deepseek-ai/cordis@4.0.3)(@deepseek-ai/dsh-invariants@0.1.7-alpha.1(@deepseek-ai/cordis@4.0.3)))
      '@deepseek-ai/schemastery': 3.18.4
      zod: 4.6.5

  '@deepseek-ai/dsh-sandbox@0.1.7-alpha.2(@deepseek-ai/cordis@4.0.3)(@deepseek-ai/dsh-llm@0.1.7-alpha.1(@deepseek-ai/cordis@4.0.3))(@deepseek-ai/dsh-session@0.1.7-alpha.1(@deepseek-ai/cordis@4.0.3)(@deepseek-ai/dsh-scope@0.1.7-alpha.1(@deepseek-ai/cordis@4.0.3)(@deepseek-ai/dsh-invariants@0.1.7-alpha.1(@deepseek-ai/cordis@4.0.3))))':
    dependencies:
      '@deepseek-ai/cordis': 4.0.3
      '@deepseek-ai/dsh-llm': 0.1.7-alpha.1(@deepseek-ai/cordis@4.0.3)
      '@deepseek-ai/dsh-session': 0.1.7-alpha.1(@deepseek-ai/cordis@4.0.3)(@deepseek-ai/dsh-scope@0.1.7-alpha.1(@deepseek-ai/cordis@4.0.3)(@deepseek-ai/dsh-invariants@0.1.7-alpha.1(@deepseek-ai/cordis@4.0.3)))
      '@deepseek-ai/dsh-util-values': 0.1.7-alpha.2(@deepseek-ai/cordis@4.0.3)

  '@deepseek-ai/dsh-scope@0.1.7-alpha.1(@deepseek-ai/cordis@4.0.3)(@deepseek-ai/dsh-invariants@0.1.7-alpha.1(@deepseek-ai/cordis@4.0.3))':
    dependencies:
      '@deepseek-ai/cordis': 4.0.3
      '@deepseek-ai/dsh-invariants': 0.1.7-alpha.1(@deepseek-ai/cordis@4.0.3)

  '@deepseek-ai/dsh-session-persistence@0.1.7-alpha.1(@deepseek-ai/cordis@4.0.3)(@deepseek-ai/dsh-brand@0.1.7-alpha.2(@deepseek-ai/cordis@4.0.3))(@deepseek-ai/dsh-session@0.1.7-alpha.1(@deepseek-ai/cordis@4.0.3)(@deepseek-ai/dsh-scope@0.1.7-alpha.1(@deepseek-ai/cordis@4.0.3)(@deepseek-ai/dsh-invariants@0.1.7-alpha.1(@deepseek-ai/cordis@4.0.3))))(@deepseek-ai/dsh-timeout@0.1.7-alpha.2(@deepseek-ai/cordis@4.0.3))':
    dependencies:
      '@deepseek-ai/cordis': 4.0.3
      '@deepseek-ai/dsh-brand': 0.1.7-alpha.2(@deepseek-ai/cordis@4.0.3)
      '@deepseek-ai/dsh-session': 0.1.7-alpha.1(@deepseek-ai/cordis@4.0.3)(@deepseek-ai/dsh-scope@0.1.7-alpha.1(@deepseek-ai/cordis@4.0.3)(@deepseek-ai/dsh-invariants@0.1.7-alpha.1(@deepseek-ai/cordis@4.0.3)))
      '@deepseek-ai/dsh-timeout': 0.1.7-alpha.2(@deepseek-ai/cordis@4.0.3)
      '@deepseek-ai/dsh-util-values': 0.1.7-alpha.2(@deepseek-ai/cordis@4.0.3)

  '@deepseek-ai/dsh-session-projection@0.1.7-alpha.1(@deepseek-ai/cordis@4.0.3)(@deepseek-ai/dsh-session@0.1.7-alpha.1(@deepseek-ai/cordis@4.0.3)(@deepseek-ai/dsh-scope@0.1.7-alpha.1(@deepseek-ai/cordis@4.0.3)(@deepseek-ai/dsh-invariants@0.1.7-alpha.1(@deepseek-ai/cordis@4.0.3))))':
    dependencies:
      '@deepseek-ai/cordis': 4.0.3
      '@deepseek-ai/dsh-session': 0.1.7-alpha.1(@deepseek-ai/cordis@4.0.3)(@deepseek-ai/dsh-scope@0.1.7-alpha.1(@deepseek-ai/cordis@4.0.3)(@deepseek-ai/dsh-invariants@0.1.7-alpha.1(@deepseek-ai/cordis@4.0.3)))
      zod: 4.6.5

  '@deepseek-ai/dsh-session@0.1.7-alpha.1(@deepseek-ai/cordis@4.0.3)(@deepseek-ai/dsh-scope@0.1.7-alpha.1(@deepseek-ai/cordis@4.0.3)(@deepseek-ai/dsh-invariants@0.1.7-alpha.1(@deepseek-ai/cordis@4.0.3)))':
    dependencies:
      '@deepseek-ai/cordis': 4.0.3
      '@deepseek-ai/dsh-brand': 0.1.7-alpha.2(@deepseek-ai/cordis@4.0.3)
      '@deepseek-ai/dsh-llm': 0.1.7-alpha.1(@deepseek-ai/cordis@4.0.3)
      '@deepseek-ai/dsh-scope': 0.1.7-alpha.1(@deepseek-ai/cordis@4.0.3)(@deepseek-ai/dsh-invariants@0.1.7-alpha.1(@deepseek-ai/cordis@4.0.3))
      '@deepseek-ai/dsh-util-values': 0.1.7-alpha.2(@deepseek-ai/cordis@4.0.3)

  '@deepseek-ai/dsh-system-prompt@0.1.7-alpha.1(@deepseek-ai/cordis@4.0.3)(@deepseek-ai/dsh-invariants@0.1.7-alpha.1(@deepseek-ai/cordis@4.0.3))(@deepseek-ai/dsh-llm@0.1.7-alpha.1(@deepseek-ai/cordis@4.0.3))(@deepseek-ai/dsh-scope@0.1.7-alpha.1(@deepseek-ai/cordis@4.0.3)(@deepseek-ai/dsh-invariants@0.1.7-alpha.1(@deepseek-ai/cordis@4.0.3)))':
    dependencies:
      '@deepseek-ai/cordis': 4.0.3
      '@deepseek-ai/dsh-invariants': 0.1.7-alpha.1(@deepseek-ai/cordis@4.0.3)
      '@deepseek-ai/dsh-llm': 0.1.7-alpha.1(@deepseek-ai/cordis@4.0.3)
      '@deepseek-ai/dsh-scope': 0.1.7-alpha.1(@deepseek-ai/cordis@4.0.3)(@deepseek-ai/dsh-invariants@0.1.7-alpha.1(@deepseek-ai/cordis@4.0.3))
      '@deepseek-ai/schemastery': 3.18.4

  '@deepseek-ai/dsh-timeout@0.1.7-alpha.2(@deepseek-ai/cordis@4.0.3)':
    dependencies:
      '@deepseek-ai/cordis': 4.0.3

  '@deepseek-ai/dsh-tools@0.1.7-alpha.1(tj74wepug7umsurk77dterh7aq)':
    dependencies:
      '@deepseek-ai/cordis': 4.0.3
      '@deepseek-ai/dsh-agent': 0.1.7-alpha.1(tgwwl3attscbdqnm6uphsboa7i)
      '@deepseek-ai/dsh-brand': 0.1.7-alpha.2(@deepseek-ai/cordis@4.0.3)
      '@deepseek-ai/dsh-invariants': 0.1.7-alpha.1(@deepseek-ai/cordis@4.0.3)
      '@deepseek-ai/dsh-llm': 0.1.7-alpha.1(@deepseek-ai/cordis@4.0.3)
      '@deepseek-ai/dsh-ptc-runtime': 0.1.7-alpha.2(@deepseek-ai/cordis@4.0.3)(@deepseek-ai/dsh-sandbox@0.1.7-alpha.2(@deepseek-ai/cordis@4.0.3)(@deepseek-ai/dsh-llm@0.1.7-alpha.1(@deepseek-ai/cordis@4.0.3))(@deepseek-ai/dsh-session@0.1.7-alpha.1(@deepseek-ai/cordis@4.0.3)(@deepseek-ai/dsh-scope@0.1.7-alpha.1(@deepseek-ai/cordis@4.0.3)(@deepseek-ai/dsh-invariants@0.1.7-alpha.1(@deepseek-ai/cordis@4.0.3)))))
      '@deepseek-ai/dsh-sandbox': 0.1.7-alpha.2(@deepseek-ai/cordis@4.0.3)(@deepseek-ai/dsh-llm@0.1.7-alpha.1(@deepseek-ai/cordis@4.0.3))(@deepseek-ai/dsh-session@0.1.7-alpha.1(@deepseek-ai/cordis@4.0.3)(@deepseek-ai/dsh-scope@0.1.7-alpha.1(@deepseek-ai/cordis@4.0.3)(@deepseek-ai/dsh-invariants@0.1.7-alpha.1(@deepseek-ai/cordis@4.0.3))))
      '@deepseek-ai/dsh-sandbox-policy': 0.1.7-alpha.2(mgmcjeoramz7jrkjxsc5qkvevy)
      '@deepseek-ai/dsh-scope': 0.1.7-alpha.1(@deepseek-ai/cordis@4.0.3)(@deepseek-ai/dsh-invariants@0.1.7-alpha.1(@deepseek-ai/cordis@4.0.3))
      '@deepseek-ai/dsh-session': 0.1.7-alpha.1(@deepseek-ai/cordis@4.0.3)(@deepseek-ai/dsh-scope@0.1.7-alpha.1(@deepseek-ai/cordis@4.0.3)(@deepseek-ai/dsh-invariants@0.1.7-alpha.1(@deepseek-ai/cordis@4.0.3)))
      '@deepseek-ai/dsh-system-prompt': 0.1.7-alpha.1(@deepseek-ai/cordis@4.0.3)(@deepseek-ai/dsh-invariants@0.1.7-alpha.1(@deepseek-ai/cordis@4.0.3))(@deepseek-ai/dsh-llm@0.1.7-alpha.1(@deepseek-ai/cordis@4.0.3))(@deepseek-ai/dsh-scope@0.1.7-alpha.1(@deepseek-ai/cordis@4.0.3)(@deepseek-ai/dsh-invariants@0.1.7-alpha.1(@deepseek-ai/cordis@4.0.3)))
      '@deepseek-ai/dsh-user-approval': 0.1.7-alpha.2(@deepseek-ai/cordis@4.0.3)(@deepseek-ai/dsh-agent@0.1.7-alpha.1(tgwwl3attscbdqnm6uphsboa7i))(@deepseek-ai/dsh-brand@0.1.7-alpha.2(@deepseek-ai/cordis@4.0.3))(@deepseek-ai/dsh-invariants@0.1.7-alpha.1(@deepseek-ai/cordis@4.0.3))(@deepseek-ai/dsh-llm@0.1.7-alpha.1(@deepseek-ai/cordis@4.0.3))(@deepseek-ai/dsh-scope@0.1.7-alpha.1(@deepseek-ai/cordis@4.0.3)(@deepseek-ai/dsh-invariants@0.1.7-alpha.1(@deepseek-ai/cordis@4.0.3)))(@deepseek-ai/dsh-session@0.1.7-alpha.1(@deepseek-ai/cordis@4.0.3)(@deepseek-ai/dsh-scope@0.1.7-alpha.1(@deepseek-ai/cordis@4.0.3)(@deepseek-ai/dsh-invariants@0.1.7-alpha.1(@deepseek-ai/cordis@4.0.3))))(@deepseek-ai/dsh-system-prompt@0.1.7-alpha.1(@deepseek-ai/cordis@4.0.3)(@deepseek-ai/dsh-invariants@0.1.7-alpha.1(@deepseek-ai/cordis@4.0.3))(@deepseek-ai/dsh-llm@0.1.7-alpha.1(@deepseek-ai/cordis@4.0.3))(@deepseek-ai/dsh-scope@0.1.7-alpha.1(@deepseek-ai/cordis@4.0.3)(@deepseek-ai/dsh-invariants@0.1.7-alpha.1(@deepseek-ai/cordis@4.0.3))))
      '@deepseek-ai/dsh-util-values': 0.1.7-alpha.2(@deepseek-ai/cordis@4.0.3)
      '@deepseek-ai/schemastery': 3.18.4

  '@deepseek-ai/dsh-typert-protocol@0.1.7-alpha.2(@deepseek-ai/cordis@4.0.3)':
    dependencies:
      '@deepseek-ai/cordis': 4.0.3
      '@deepseek-ai/dsh-brand': 0.1.7-alpha.2(@deepseek-ai/cordis@4.0.3)

  '@deepseek-ai/dsh-user-approval@0.1.7-alpha.2(@deepseek-ai/cordis@4.0.3)(@deepseek-ai/dsh-agent@0.1.7-alpha.1(tgwwl3attscbdqnm6uphsboa7i))(@deepseek-ai/dsh-brand@0.1.7-alpha.2(@deepseek-ai/cordis@4.0.3))(@deepseek-ai/dsh-invariants@0.1.7-alpha.1(@deepseek-ai/cordis@4.0.3))(@deepseek-ai/dsh-llm@0.1.7-alpha.1(@deepseek-ai/cordis@4.0.3))(@deepseek-ai/dsh-scope@0.1.7-alpha.1(@deepseek-ai/cordis@4.0.3)(@deepseek-ai/dsh-invariants@0.1.7-alpha.1(@deepseek-ai/cordis@4.0.3)))(@deepseek-ai/dsh-session@0.1.7-alpha.1(@deepseek-ai/cordis@4.0.3)(@deepseek-ai/dsh-scope@0.1.7-alpha.1(@deepseek-ai/cordis@4.0.3)(@deepseek-ai/dsh-invariants@0.1.7-alpha.1(@deepseek-ai/cordis@4.0.3))))(@deepseek-ai/dsh-system-prompt@0.1.7-alpha.1(@deepseek-ai/cordis@4.0.3)(@deepseek-ai/dsh-invariants@0.1.7-alpha.1(@deepseek-ai/cordis@4.0.3))(@deepseek-ai/dsh-llm@0.1.7-alpha.1(@deepseek-ai/cordis@4.0.3))(@deepseek-ai/dsh-scope@0.1.7-alpha.1(@deepseek-ai/cordis@4.0.3)(@deepseek-ai/dsh-invariants@0.1.7-alpha.1(@deepseek-ai/cordis@4.0.3))))':
    dependencies:
      '@deepseek-ai/cordis': 4.0.3
      '@deepseek-ai/dsh-agent': 0.1.7-alpha.1(tgwwl3attscbdqnm6uphsboa7i)
      '@deepseek-ai/dsh-brand': 0.1.7-alpha.2(@deepseek-ai/cordis@4.0.3)
      '@deepseek-ai/dsh-invariants': 0.1.7-alpha.1(@deepseek-ai/cordis@4.0.3)
      '@deepseek-ai/dsh-llm': 0.1.7-alpha.1(@deepseek-ai/cordis@4.0.3)
      '@deepseek-ai/dsh-scope': 0.1.7-alpha.1(@deepseek-ai/cordis@4.0.3)(@deepseek-ai/dsh-invariants@0.1.7-alpha.1(@deepseek-ai/cordis@4.0.3))
      '@deepseek-ai/dsh-session': 0.1.7-alpha.1(@deepseek-ai/cordis@4.0.3)(@deepseek-ai/dsh-scope@0.1.7-alpha.1(@deepseek-ai/cordis@4.0.3)(@deepseek-ai/dsh-invariants@0.1.7-alpha.1(@deepseek-ai/cordis@4.0.3)))
      '@deepseek-ai/dsh-system-prompt': 0.1.7-alpha.1(@deepseek-ai/cordis@4.0.3)(@deepseek-ai/dsh-invariants@0.1.7-alpha.1(@deepseek-ai/cordis@4.0.3))(@deepseek-ai/dsh-llm@0.1.7-alpha.1(@deepseek-ai/cordis@4.0.3))(@deepseek-ai/dsh-scope@0.1.7-alpha.1(@deepseek-ai/cordis@4.0.3)(@deepseek-ai/dsh-invariants@0.1.7-alpha.1(@deepseek-ai/cordis@4.0.3)))
      '@deepseek-ai/schemastery': 3.18.4

  '@deepseek-ai/dsh-util-crypto@0.1.7-alpha.2(@deepseek-ai/cordis@4.0.3)':
    dependencies:
      '@deepseek-ai/cordis': 4.0.3

  '@deepseek-ai/dsh-util-values@0.1.7-alpha.2(@deepseek-ai/cordis@4.0.3)':
    dependencies:
      '@deepseek-ai/cordis': 4.0.3

  '@deepseek-ai/schemastery@3.18.4':
    dependencies:
      '@deepseek-ai/cosmokit': 1.8.5
      '@standard-schema/spec': 1.1.0

  '@standard-schema/spec@1.1.0': {}

  '@types/node@22.19.1':
    dependencies:
      undici-types: 6.21.0

  ajv@8.17.1:
    dependencies:
      fast-deep-equal: 3.1.3
      fast-uri: 3.1.8
      json-schema-traverse: 1.0.0
      require-from-string: 2.0.2

  fast-check@4.2.0:
    dependencies:
      pure-rand: 7.0.1

  fast-deep-equal@3.1.3: {}

  fast-uri@3.1.8: {}

  json-schema-traverse@1.0.0: {}

  pure-rand@7.0.1: {}

  require-from-string@2.0.2: {}

  typescript@5.9.3: {}

  undici-types@6.21.0: {}

  zod@4.6.5: {}
